// !$*UTF8*$!
{
	archiveVersion = 1;
	classes = {
	};
	objectVersion = 46;
	objects = {

/* Begin PBXBuildFile section */
		A0484E181A261D6D001FAF1B /* main.cpp in Sources */ = {isa = PBXBuildFile; fileRef = A0484E171A261D6D001FAF1B /* main.cpp */; };
		A0484E261A261FFD001FAF1B /* CreateIndex.cpp in Sources */ = {isa = PBXBuildFile; fileRef = A0484E1E1A261FFD001FAF1B /* CreateIndex.cpp */; };
		A0484E271A261FFD001FAF1B /* Item.cpp in Sources */ = {isa = PBXBuildFile; fileRef = A0484E201A261FFD001FAF1B /* Item.cpp */; };
		A0484E281A261FFD001FAF1B /* Record.cpp in Sources */ = {isa = PBXBuildFile; fileRef = A0484E221A261FFD001FAF1B /* Record.cpp */; };
		A05A5DD91A295B05003D6F41 /* Node.cpp in Sources */ = {isa = PBXBuildFile; fileRef = A05A5DD51A295B05003D6F41 /* Node.cpp */; };
		A0A2328E1A2D9F0C00939482 /* HashTable.cpp in Sources */ = {isa = PBXBuildFile; fileRef = A0A2328D1A2D9F0C00939482 /* HashTable.cpp */; };
/* End PBXBuildFile section */

/* Begin PBXCopyFilesBuildPhase section */
		A0484E121A261D6D001FAF1B /* CopyFiles */ = {
			isa = PBXCopyFilesBuildPhase;
			buildActionMask = 2147483647;
			dstPath = /usr/share/man/man1/;
			dstSubfolderSpec = 0;
			files = (
			);
			runOnlyForDeploymentPostprocessing = 1;
		};
/* End PBXCopyFilesBuildPhase section */

/* Begin PBXFileReference section */
		A0484E141A261D6D001FAF1B /* p8 */ = {isa = PBXFileReference; explicitFileType = "compiled.mach-o.executable"; includeInIndex = 0; path = p8; sourceTree = BUILT_PRODUCTS_DIR; };
		A0484E171A261D6D001FAF1B /* main.cpp */ = {isa = PBXFileReference; lastKnownFileType = sourcecode.cpp.cpp; path = main.cpp; sourceTree = "<group>"; };
		A0484E1E1A261FFD001FAF1B /* CreateIndex.cpp */ = {isa = PBXFileReference; fileEncoding = 4; lastKnownFileType = sourcecode.cpp.cpp; path = CreateIndex.cpp; sourceTree = "<group>"; };
		A0484E1F1A261FFD001FAF1B /* CreateIndex.h */ = {isa = PBXFileReference; fileEncoding = 4; lastKnownFileType = sourcecode.c.h; path = CreateIndex.h; sourceTree = "<group>"; };
		A0484E201A261FFD001FAF1B /* Item.cpp */ = {isa = PBXFileReference; fileEncoding = 4; lastKnownFileType = sourcecode.cpp.cpp; path = Item.cpp; sourceTree = "<group>"; };
		A0484E211A261FFD001FAF1B /* Item.h */ = {isa = PBXFileReference; fileEncoding = 4; lastKnownFileType = sourcecode.c.h; path = Item.h; sourceTree = "<group>"; };
		A0484E221A261FFD001FAF1B /* Record.cpp */ = {isa = PBXFileReference; fileEncoding = 4; lastKnownFileType = sourcecode.cpp.cpp; path = Record.cpp; sourceTree = "<group>"; };
		A0484E231A261FFD001FAF1B /* Record.h */ = {isa = PBXFileReference; fileEncoding = 4; lastKnownFileType = sourcecode.c.h; path = Record.h; sourceTree = "<group>"; };
		A05A5DD51A295B05003D6F41 /* Node.cpp */ = {isa = PBXFileReference; fileEncoding = 4; lastKnownFileType = sourcecode.cpp.cpp; path = Node.cpp; sourceTree = "<group>"; };
		A05A5DD61A295B05003D6F41 /* Node.h */ = {isa = PBXFileReference; fileEncoding = 4; lastKnownFileType = sourcecode.c.h; path = Node.h; sourceTree = "<group>"; };
		A05A5DD71A295B05003D6F41 /* HashTable.h */ = {isa = PBXFileReference; fileEncoding = 4; lastKnownFileType = sourcecode.c.h; path = HashTable.h; sourceTree = "<group>"; };
		A0A2328D1A2D9F0C00939482 /* HashTable.cpp */ = {isa = PBXFileReference; fileEncoding = 4; lastKnownFileType = sourcecode.cpp.cpp; path = HashTable.cpp; sourceTree = "<group>"; };
/* End PBXFileReference section */

/* Begin PBXFrameworksBuildPhase section */
		A0484E111A261D6D001FAF1B /* Frameworks */ = {
			isa = PBXFrameworksBuildPhase;
			buildActionMask = 2147483647;
			files = (
			);
			runOnlyForDeploymentPostprocessing = 0;
		};
/* End PBXFrameworksBuildPhase section */

/* Begin PBXGroup section */
		A0484E0B1A261D6D001FAF1B = {
			isa = PBXGroup;
			children = (
				A0484E161A261D6D001FAF1B /* p8 */,
				A0484E151A261D6D001FAF1B /* Products */,
			);
			sourceTree = "<group>";
		};
		A0484E151A261D6D001FAF1B /* Products */ = {
			isa = PBXGroup;
			children = (
				A0484E141A261D6D001FAF1B /* p8 */,
			);
			name = Products;
			sourceTree = "<group>";
		};
		A0484E161A261D6D001FAF1B /* p8 */ = {
			isa = PBXGroup;
			children = (
				A0A2328D1A2D9F0C00939482 /* HashTable.cpp */,
				A05A5DD51A295B05003D6F41 /* Node.cpp */,
				A05A5DD61A295B05003D6F41 /* Node.h */,
				A05A5DD71A295B05003D6F41 /* HashTable.h */,
				A0484E1E1A261FFD001FAF1B /* CreateIndex.cpp */,
				A0484E1F1A261FFD001FAF1B /* CreateIndex.h */,
				A0484E201A261FFD001FAF1B /* Item.cpp */,
				A0484E211A261FFD001FAF1B /* Item.h */,
				A0484E221A261FFD001FAF1B /* Record.cpp */,
				A0484E231A261FFD001FAF1B /* Record.h */,
				A0484E171A261D6D001FAF1B /* main.cpp */,
			);
			path = p8;
			sourceTree = "<group>";
		};
/* End PBXGroup section */

/* Begin PBXNativeTarget section */
		A0484E131A261D6D001FAF1B /* p8 */ = {
			isa = PBXNativeTarget;
			buildConfigurationList = A0484E1B1A261D6D001FAF1B /* Build configuration list for PBXNativeTarget "p8" */;
			buildPhases = (
				A0484E101A261D6D001FAF1B /* Sources */,
				A0484E111A261D6D001FAF1B /* Frameworks */,
				A0484E121A261D6D001FAF1B /* CopyFiles */,
			);
			buildRules = (
			);
			dependencies = (
			);
			name = p8;
			productName = p8;
			productReference = A0484E141A261D6D001FAF1B /* p8 */;
			productType = "com.apple.product-type.tool";
		};
/* End PBXNativeTarget section */

/* Begin PBXProject section */
		A0484E0C1A261D6D001FAF1B /* Project object */ = {
			isa = PBXProject;
			attributes = {
				LastUpgradeCheck = 0610;
				ORGANIZATIONNAME = "James Francis II";
				TargetAttributes = {
					A0484E131A261D6D001FAF1B = {
						CreatedOnToolsVersion = 6.1;
					};
				};
			};
			buildConfigurationList = A0484E0F1A261D6D001FAF1B /* Build configuration list for PBXProject "p8" */;
			compatibilityVersion = "Xcode 3.2";
			developmentRegion = English;
			hasScannedForEncodings = 0;
			knownRegions = (
				en,
			);
			mainGroup = A0484E0B1A261D6D001FAF1B;
			productRefGroup = A0484E151A261D6D001FAF1B /* Products */;
			projectDirPath = "";
			projectRoot = "";
			targets = (
				A0484E131A261D6D001FAF1B /* p8 */,
			);
		};
/* End PBXProject section */

/* Begin PBXSourcesBuildPhase section */
		A0484E101A261D6D001FAF1B /* Sources */ = {
			isa = PBXSourcesBuildPhase;
			buildActionMask = 2147483647;
			files = (
				A0484E271A261FFD001FAF1B /* Item.cpp in Sources */,
				A0484E261A261FFD001FAF1B /* CreateIndex.cpp in Sources */,
				A0A2328E1A2D9F0C00939482 /* HashTable.cpp in Sources */,
				A0484E281A261FFD001FAF1B /* Record.cpp in Sources */,
				A05A5DD91A295B05003D6F41 /* Node.cpp in Sources */,
				A0484E181A261D6D001FAF1B /* main.cpp in Sources */,
			);
			runOnlyForDeploymentPostprocessing = 0;
		};
/* End PBXSourcesBuildPhase section */

/* Begin XCBuildConfiguration section */
		A0484E191A261D6D001FAF1B /* Debug */ = {
			isa = XCBuildConfiguration;
			buildSettings = {
				ALWAYS_SEARCH_USER_PATHS = NO;
				CLANG_CXX_LANGUAGE_STANDARD = "gnu++0x";
				CLANG_CXX_LIBRARY = "libc++";
				CLANG_ENABLE_MODULES = YES;
				CLANG_ENABLE_OBJC_ARC = YES;
				CLANG_WARN_BOOL_CONVERSION = YES;
				CLANG_WARN_CONSTANT_CONVERSION = YES;
				CLANG_WARN_DIRECT_OBJC_ISA_USAGE = YES_ERROR;
				CLANG_WARN_EMPTY_BODY = YES;
				CLANG_WARN_ENUM_CONVERSION = YES;
				CLANG_WARN_INT_CONVERSION = YES;
				CLANG_WARN_OBJC_ROOT_CLASS = YES_ERROR;
				CLANG_WARN_UNREACHABLE_CODE = YES;
				CLANG_WARN__DUPLICATE_METHOD_MATCH = YES;
				COPY_PHASE_STRIP = NO;
				ENABLE_STRICT_OBJC_MSGSEND = YES;
				GCC_C_LANGUAGE_STANDARD = gnu99;
				GCC_DYNAMIC_NO_PIC = NO;
				GCC_OPTIMIZATION_LEVEL = 0;
				GCC_PREPROCESSOR_DEFINITIONS = (
					"DEBUG=1",
					"$(inherited)",
				);
				GCC_SYMBOLS_PRIVATE_EXTERN = NO;
				GCC_WARN_64_TO_32_BIT_CONVERSION = YES;
				GCC_WARN_ABOUT_RETURN_TYPE = YES_ERROR;
				GCC_WARN_UNDECLARED_SELECTOR = YES;
				GCC_WARN_UNINITIALIZED_AUTOS = YES_AGGRESSIVE;
				GCC_WARN_UNUSED_FUNCTION = YES;
				GCC_WARN_UNUSED_VARIABLE = YES;
				MACOSX_DEPLOYMENT_TARGET = 10.10;
				MTL_ENABLE_DEBUG_INFO = YES;
				ONLY_ACTIVE_ARCH = YES;
				SDKROOT = macosx;
			};
			name = Debug;
		};
		A0484E1A1A261D6D001FAF1B /* Release */ = {
			isa = XCBuildConfiguration;
			buildSettings = {
				ALWAYS_SEARCH_USER_PATHS = NO;
				CLANG_CXX_LANGUAGE_STANDARD = "gnu++0x";
				CLANG_CXX_LIBRARY = "libc++";
				CLANG_ENABLE_MODULES = YES;
				CLANG_ENABLE_OBJC_ARC = YES;
				CLANG_WARN_BOOL_CONVERSION = YES;
				CLANG_WARN_CONSTANT_CONVERSION = YES;
				CLANG_WARN_DIRECT_OBJC_ISA_USAGE = YES_ERROR;
				CLANG_WARN_EMPTY_BODY = YES;
				CLANG_WARN_ENUM_CONVERSION = YES;
				CLANG_WARN_INT_CONVERSION = YES;
				CLANG_WARN_OBJC_ROOT_CLASS = YES_ERROR;
				CLANG_WARN_UNREACHABLE_CODE = YES;
				CLANG_WARN__DUPLICATE_METHOD_MATCH = YES;
				COPY_PHASE_STRIP = YES;
				DEBUG_INFORMATION_FORMAT = "dwarf-with-dsym";
				ENABLE_NS_ASSERTIONS = NO;
				ENABLE_STRICT_OBJC_MSGSEND = YES;
				GCC_C_LANGUAGE_STANDARD = gnu99;
				GCC_WARN_64_TO_32_BIT_CONVERSION = YES;
				GCC_WARN_ABOUT_RETURN_TYPE = YES_ERROR;
				GCC_WARN_UNDECLARED_SELECTOR = YES;
				GCC_WARN_UNINITIALIZED_AUTOS = YES_AGGRESSIVE;
				GCC_WARN_UNUSED_FUNCTION = YES;
				GCC_WARN_UNUSED_VARIABLE = YES;
				MACOSX_DEPLOYMENT_TARGET = 10.10;
				MTL_ENABLE_DEBUG_INFO = NO;
				SDKROOT = macosx;
			};
			name = Release;
		};
		A0484E1C1A261D6D001FAF1B /* Debug */ = {
			isa = XCBuildConfiguration;
			buildSettings = {
				CLANG_CXX_LANGUAGE_STANDARD = "c++0x";
				PRODUCT_NAME = "$(TARGET_NAME)";
			};
			name = Debug;
		};
		A0484E1D1A261D6D001FAF1B /* Release */ = {
			isa = XCBuildConfiguration;
			buildSettings = {
				CLANG_CXX_LANGUAGE_STANDARD = "c++0x";
				PRODUCT_NAME = "$(TARGET_NAME)";
			};
			name = Release;
		};
/* End XCBuildConfiguration section */

/* Begin XCConfigurationList section */
		A0484E0F1A261D6D001FAF1B /* Build configuration list for PBXProject "p8" */ = {
			isa = XCConfigurationList;
			buildConfigurations = (
				A0484E191A261D6D001FAF1B /* Debug */,
				A0484E1A1A261D6D001FAF1B /* Release */,
			);
			defaultConfigurationIsVisible = 0;
			defaultConfigurationName = Release;
		};
		A0484E1B1A261D6D001FAF1B /* Build configuration list for PBXNativeTarget "p8" */ = {
			isa = XCConfigurationList;
			buildConfigurations = (
				A0484E1C1A261D6D001FAF1B /* Debug */,
				A0484E1D1A261D6D001FAF1B /* Release */,
			);
			defaultConfigurationIsVisible = 0;
			defaultConfigurationName = Release;
		};
/* End XCConfigurationList section */
	};
	rootObject = A0484E0C1A261D6D001FAF1B /* Project object */;
}
