// !$*UTF8*$!
{
	archiveVersion = 1;
	classes = {
	};
	objectVersion = 46;
	objects = {

/* Begin PBXBuildFile section */
		A003961E19EC1966001C58D7 /* p4.cpp in Sources */ = {isa = PBXBuildFile; fileRef = A003961C19EC1966001C58D7 /* p4.cpp */; };
		A077E86B19E47342008AB78D /* fileHandler.cpp in Sources */ = {isa = PBXBuildFile; fileRef = A077E86A19E47342008AB78D /* fileHandler.cpp */; };
		A077E87819E77B02008AB78D /* Item.cpp in Sources */ = {isa = PBXBuildFile; fileRef = A077E87619E77B02008AB78D /* Item.cpp */; };
/* End PBXBuildFile section */

/* Begin PBXCopyFilesBuildPhase section */
		A077E86519E47342008AB78D /* CopyFiles */ = {
			isa = PBXCopyFilesBuildPhase;
			buildActionMask = 2147483647;
			dstPath = /usr/share/man/man1/;
			dstSubfolderSpec = 0;
			files = (
			);
			runOnlyForDeploymentPostprocessing = 1;
		};
/* End PBXCopyFilesBuildPhase section */

/* Begin PBXFileReference section */
		A003961C19EC1966001C58D7 /* p4.cpp */ = {isa = PBXFileReference; fileEncoding = 4; lastKnownFileType = sourcecode.cpp.cpp; path = p4.cpp; sourceTree = "<group>"; };
		A003961D19EC1966001C58D7 /* fileHandler.h */ = {isa = PBXFileReference; fileEncoding = 4; lastKnownFileType = sourcecode.c.h; path = fileHandler.h; sourceTree = "<group>"; };
		A077E86719E47342008AB78D /* p4 */ = {isa = PBXFileReference; explicitFileType = "compiled.mach-o.executable"; includeInIndex = 0; path = p4; sourceTree = BUILT_PRODUCTS_DIR; };
		A077E86A19E47342008AB78D /* fileHandler.cpp */ = {isa = PBXFileReference; lastKnownFileType = sourcecode.cpp.cpp; path = fileHandler.cpp; sourceTree = "<group>"; };
		A077E87619E77B02008AB78D /* Item.cpp */ = {isa = PBXFileReference; fileEncoding = 4; lastKnownFileType = sourcecode.cpp.cpp; path = Item.cpp; sourceTree = "<group>"; };
		A077E87719E77B02008AB78D /* Item.h */ = {isa = PBXFileReference; fileEncoding = 4; lastKnownFileType = sourcecode.c.h; path = Item.h; sourceTree = "<group>"; };
/* End PBXFileReference section */

/* Begin PBXFrameworksBuildPhase section */
		A077E86419E47342008AB78D /* Frameworks */ = {
			isa = PBXFrameworksBuildPhase;
			buildActionMask = 2147483647;
			files = (
			);
			runOnlyForDeploymentPostprocessing = 0;
		};
/* End PBXFrameworksBuildPhase section */

/* Begin PBXGroup section */
		A077E85E19E47342008AB78D = {
			isa = PBXGroup;
			children = (
				A077E86919E47342008AB78D /* p4 */,
				A077E86819E47342008AB78D /* Products */,
			);
			sourceTree = "<group>";
		};
		A077E86819E47342008AB78D /* Products */ = {
			isa = PBXGroup;
			children = (
				A077E86719E47342008AB78D /* p4 */,
			);
			name = Products;
			sourceTree = "<group>";
		};
		A077E86919E47342008AB78D /* p4 */ = {
			isa = PBXGroup;
			children = (
				A077E87719E77B02008AB78D /* Item.h */,
				A077E87619E77B02008AB78D /* Item.cpp */,
				A003961D19EC1966001C58D7 /* fileHandler.h */,
				A077E86A19E47342008AB78D /* fileHandler.cpp */,
				A003961C19EC1966001C58D7 /* p4.cpp */,
			);
			path = p4;
			sourceTree = "<group>";
		};
/* End PBXGroup section */

/* Begin PBXNativeTarget section */
		A077E86619E47342008AB78D /* p4 */ = {
			isa = PBXNativeTarget;
			buildConfigurationList = A077E86E19E47342008AB78D /* Build configuration list for PBXNativeTarget "p4" */;
			buildPhases = (
				A077E86319E47342008AB78D /* Sources */,
				A077E86419E47342008AB78D /* Frameworks */,
				A077E86519E47342008AB78D /* CopyFiles */,
			);
			buildRules = (
			);
			dependencies = (
			);
			name = p4;
			productName = p4;
			productReference = A077E86719E47342008AB78D /* p4 */;
			productType = "com.apple.product-type.tool";
		};
/* End PBXNativeTarget section */

/* Begin PBXProject section */
		A077E85F19E47342008AB78D /* Project object */ = {
			isa = PBXProject;
			attributes = {
				LastUpgradeCheck = 0600;
				ORGANIZATIONNAME = "James Francis II";
				TargetAttributes = {
					A077E86619E47342008AB78D = {
						CreatedOnToolsVersion = 6.0.1;
					};
				};
			};
			buildConfigurationList = A077E86219E47342008AB78D /* Build configuration list for PBXProject "p4" */;
			compatibilityVersion = "Xcode 3.2";
			developmentRegion = English;
			hasScannedForEncodings = 0;
			knownRegions = (
				en,
			);
			mainGroup = A077E85E19E47342008AB78D;
			productRefGroup = A077E86819E47342008AB78D /* Products */;
			projectDirPath = "";
			projectRoot = "";
			targets = (
				A077E86619E47342008AB78D /* p4 */,
			);
		};
/* End PBXProject section */

/* Begin PBXSourcesBuildPhase section */
		A077E86319E47342008AB78D /* Sources */ = {
			isa = PBXSourcesBuildPhase;
			buildActionMask = 2147483647;
			files = (
				A077E87819E77B02008AB78D /* Item.cpp in Sources */,
				A077E86B19E47342008AB78D /* fileHandler.cpp in Sources */,
				A003961E19EC1966001C58D7 /* p4.cpp in Sources */,
			);
			runOnlyForDeploymentPostprocessing = 0;
		};
/* End PBXSourcesBuildPhase section */

/* Begin XCBuildConfiguration section */
		A077E86C19E47342008AB78D /* Debug */ = {
			isa = XCBuildConfiguration;
			buildSettings = {
				ALWAYS_SEARCH_USER_PATHS = NO;
				CLANG_CXX_LANGUAGE_STANDARD = "gnu++0x";
				CLANG_CXX_LIBRARY = "libc++";
				CLANG_ENABLE_MODULES = YES;
				CLANG_ENABLE_OBJC_ARC = YES;
				CLANG_WARN_BOOL_CONVERSION = YES;
				CLANG_WARN_CONSTANT_CONVERSION = YES;
				CLANG_WARN_DIRECT_OBJC_ISA_USAGE = YES_ERROR;
				CLANG_WARN_EMPTY_BODY = YES;
				CLANG_WARN_ENUM_CONVERSION = YES;
				CLANG_WARN_INT_CONVERSION = YES;
				CLANG_WARN_OBJC_ROOT_CLASS = YES_ERROR;
				CLANG_WARN_UNREACHABLE_CODE = YES;
				CLANG_WARN__DUPLICATE_METHOD_MATCH = YES;
				COPY_PHASE_STRIP = NO;
				ENABLE_STRICT_OBJC_MSGSEND = YES;
				GCC_C_LANGUAGE_STANDARD = gnu99;
				GCC_DYNAMIC_NO_PIC = NO;
				GCC_OPTIMIZATION_LEVEL = 0;
				GCC_PREPROCESSOR_DEFINITIONS = (
					"DEBUG=1",
					"$(inherited)",
				);
				GCC_SYMBOLS_PRIVATE_EXTERN = NO;
				GCC_WARN_64_TO_32_BIT_CONVERSION = YES;
				GCC_WARN_ABOUT_RETURN_TYPE = YES_ERROR;
				GCC_WARN_UNDECLARED_SELECTOR = YES;
				GCC_WARN_UNINITIALIZED_AUTOS = YES_AGGRESSIVE;
				GCC_WARN_UNUSED_FUNCTION = YES;
				GCC_WARN_UNUSED_VARIABLE = YES;
				MACOSX_DEPLOYMENT_TARGET = 10.10;
				MTL_ENABLE_DEBUG_INFO = YES;
				ONLY_ACTIVE_ARCH = YES;
				SDKROOT = macosx;
			};
			name = Debug;
		};
		A077E86D19E47342008AB78D /* Release */ = {
			isa = XCBuildConfiguration;
			buildSettings = {
				ALWAYS_SEARCH_USER_PATHS = NO;
				CLANG_CXX_LANGUAGE_STANDARD = "gnu++0x";
				CLANG_CXX_LIBRARY = "libc++";
				CLANG_ENABLE_MODULES = YES;
				CLANG_ENABLE_OBJC_ARC = YES;
				CLANG_WARN_BOOL_CONVERSION = YES;
				CLANG_WARN_CONSTANT_CONVERSION = YES;
				CLANG_WARN_DIRECT_OBJC_ISA_USAGE = YES_ERROR;
				CLANG_WARN_EMPTY_BODY = YES;
				CLANG_WARN_ENUM_CONVERSION = YES;
				CLANG_WARN_INT_CONVERSION = YES;
				CLANG_WARN_OBJC_ROOT_CLASS = YES_ERROR;
				CLANG_WARN_UNREACHABLE_CODE = YES;
				CLANG_WARN__DUPLICATE_METHOD_MATCH = YES;
				COPY_PHASE_STRIP = YES;
				DEBUG_INFORMATION_FORMAT = "dwarf-with-dsym";
				ENABLE_NS_ASSERTIONS = NO;
				ENABLE_STRICT_OBJC_MSGSEND = YES;
				GCC_C_LANGUAGE_STANDARD = gnu99;
				GCC_WARN_64_TO_32_BIT_CONVERSION = YES;
				GCC_WARN_ABOUT_RETURN_TYPE = YES_ERROR;
				GCC_WARN_UNDECLARED_SELECTOR = YES;
				GCC_WARN_UNINITIALIZED_AUTOS = YES_AGGRESSIVE;
				GCC_WARN_UNUSED_FUNCTION = YES;
				GCC_WARN_UNUSED_VARIABLE = YES;
				MACOSX_DEPLOYMENT_TARGET = 10.10;
				MTL_ENABLE_DEBUG_INFO = NO;
				SDKROOT = macosx;
			};
			name = Release;
		};
		A077E86F19E47342008AB78D /* Debug */ = {
			isa = XCBuildConfiguration;
			buildSettings = {
				PRODUCT_NAME = "$(TARGET_NAME)";
			};
			name = Debug;
		};
		A077E87019E47342008AB78D /* Release */ = {
			isa = XCBuildConfiguration;
			buildSettings = {
				PRODUCT_NAME = "$(TARGET_NAME)";
			};
			name = Release;
		};
/* End XCBuildConfiguration section */

/* Begin XCConfigurationList section */
		A077E86219E47342008AB78D /* Build configuration list for PBXProject "p4" */ = {
			isa = XCConfigurationList;
			buildConfigurations = (
				A077E86C19E47342008AB78D /* Debug */,
				A077E86D19E47342008AB78D /* Release */,
			);
			defaultConfigurationIsVisible = 0;
			defaultConfigurationName = Release;
		};
		A077E86E19E47342008AB78D /* Build configuration list for PBXNativeTarget "p4" */ = {
			isa = XCConfigurationList;
			buildConfigurations = (
				A077E86F19E47342008AB78D /* Debug */,
				A077E87019E47342008AB78D /* Release */,
			);
			defaultConfigurationIsVisible = 0;
			defaultConfigurationName = Release;
		};
/* End XCConfigurationList section */
	};
	rootObject = A077E85F19E47342008AB78D /* Project object */;
}
